<?xml version="1.0" encoding="utf-8"?>
<Project ToolsVersion="4.0" xmlns="http://schemas.microsoft.com/developer/msbuild/2003">
  <ItemGroup>
    <Filter Include="Source">
      <UniqueIdentifier>{4FC737F1-C7A5-4376-A066-2A32D752A2FF}</UniqueIdentifier>
      <Extensions>cpp;c;cc;cxx;c++;cppm;ixx;def;odl;idl;hpj;bat;asm;asmx</Extensions>
    </Filter>
    <Filter Include="Source\Enemies">
      <UniqueIdentifier>{4824fadd-beed-48a5-8e38-032204467bed}</UniqueIdentifier>
    </Filter>
    <Filter Include="Resources">
      <UniqueIdentifier>{009a318e-b085-4e7b-baee-79af89ba8adc}</UniqueIdentifier>
    </Filter>
  </ItemGroup>
  <ItemGroup>
    <ClCompile Include="Main.cpp">
      <Filter>Source</Filter>
    </ClCompile>
    <ClCompile Include="Player.cpp">
      <Filter>Source</Filter>
    </ClCompile>
    <ClCompile Include="Weapon.cpp">
      <Filter>Source</Filter>
    </ClCompile>
    <ClCompile Include="PewGame.cpp">
      <Filter>Source</Filter>
    </ClCompile>
    <ClCompile Include="rock.cpp">
      <Filter>Source</Filter>
    </ClCompile>
    <ClCompile Include="Boss.cpp">
      <Filter>Source\Enemies</Filter>
    </ClCompile>
    <ClCompile Include="Enemy.cpp">
      <Filter>Source\Enemies</Filter>
    </ClCompile>
    <ClCompile Include="MultiShotEnemy.cpp">
      <Filter>Source\Enemies</Filter>
    </ClCompile>
  </ItemGroup>
  <ItemGroup>
    <ClInclude Include="Player.h">
      <Filter>Source</Filter>
    </ClInclude>
    <ClInclude Include="Weapon.h">
      <Filter>Source</Filter>
    </ClInclude>
    <ClInclude Include="PewGame.h">
      <Filter>Source</Filter>
    </ClInclude>
    <ClInclude Include="rock.h">
      <Filter>Source</Filter>
    </ClInclude>
    <ClInclude Include="Boss.h">
      <Filter>Source\Enemies</Filter>
    </ClInclude>
    <ClInclude Include="Enemy.h">
      <Filter>Source\Enemies</Filter>
    </ClInclude>
    <ClInclude Include="MultiShotEnemy.h">
      <Filter>Source\Enemies</Filter>
    </ClInclude>
  </ItemGroup>
  <ItemGroup>
    <Text Include="..\..\..\Build\Assets\Scene.json">
      <Filter>Resources</Filter>
    </Text>
  </ItemGroup>
</Project>