
Microsoft Visual Studio Solution File, Format Version 12.00
# Visual Studio Version 17
VisualStudioVersion = 17.6.33815.320
MinimumVisualStudioVersion = 10.0.40219.1
Project("{8BC9CEB8-8B4A-11D0-8D11-00A0C91BC942}") = "Core", "Source\Engine\Core\Core.vcxproj", "{79CB9CBC-1E3E-4FCA-A3EC-28ACCABE1A1C}"
EndProject
Project("{8BC9CEB8-8B4A-11D0-8D11-00A0C91BC942}") = "Framework", "Source\Engine\Framework\Framework.vcxproj", "{23B3FB07-26C3-422C-B3B1-87D9FBD6CC3A}"
EndProject
Project("{8BC9CEB8-8B4A-11D0-8D11-00A0C91BC942}") = "Input", "Source\Engine\Input\Input.vcxproj", "{6F1A3DD5-2CB5-415C-85F3-ACEE17333209}"
EndProject
Project("{8BC9CEB8-8B4A-11D0-8D11-00A0C91BC942}") = "Audio", "Source\Engine\Audio\Audio.vcxproj", "{7D175A5D-17B1-4241-B2BA-313903833935}"
EndProject
Project("{8BC9CEB8-8B4A-11D0-8D11-00A0C91BC942}") = "Renderer", "Source\Engine\Renderer\Renderer.vcxproj", "{EFCA60DE-5052-4859-B011-FE2F92D65B37}"
EndProject
Project("{2150E333-8FDC-42A3-9474-1A3956D46DE8}") = "Game", "Game", "{7723DEF7-8C9C-440C-BAB2-10F429623409}"
EndProject
Project("{2150E333-8FDC-42A3-9474-1A3956D46DE8}") = "Engine", "Engine", "{510D8DA9-637C-4E81-9ECB-A5B2540A3D51}"
EndProject
Project("{8BC9CEB8-8B4A-11D0-8D11-00A0C91BC942}") = "BeThompson Game", "Source\Game\BeThompson Game\BeThompson Game.vcxproj", "{7205EC1C-FB22-485F-A419-F1D843B50F6A}"
EndProject
Project("{8BC9CEB8-8B4A-11D0-8D11-00A0C91BC942}") = "Pyshics2", "Source\Engine\Pyshics\Pyshics.vcxproj", "{6B9372B9-7412-48FF-9C93-CD4B4B8F4274}"
EndProject
Global
	GlobalSection(SolutionConfigurationPlatforms) = preSolution
		Debug|x64 = Debug|x64
		Debug|x86 = Debug|x86
		Release|x64 = Release|x64
		Release|x86 = Release|x86
	EndGlobalSection
	GlobalSection(ProjectConfigurationPlatforms) = postSolution
		{79CB9CBC-1E3E-4FCA-A3EC-28ACCABE1A1C}.Debug|x64.ActiveCfg = Debug|x64
		{79CB9CBC-1E3E-4FCA-A3EC-28ACCABE1A1C}.Debug|x64.Build.0 = Debug|x64
		{79CB9CBC-1E3E-4FCA-A3EC-28ACCABE1A1C}.Debug|x86.ActiveCfg = Debug|Win32
		{79CB9CBC-1E3E-4FCA-A3EC-28ACCABE1A1C}.Debug|x86.Build.0 = Debug|Win32
		{79CB9CBC-1E3E-4FCA-A3EC-28ACCABE1A1C}.Release|x64.ActiveCfg = Release|x64
		{79CB9CBC-1E3E-4FCA-A3EC-28ACCABE1A1C}.Release|x64.Build.0 = Release|x64
		{79CB9CBC-1E3E-4FCA-A3EC-28ACCABE1A1C}.Release|x86.ActiveCfg = Release|Win32
		{79CB9CBC-1E3E-4FCA-A3EC-28ACCABE1A1C}.Release|x86.Build.0 = Release|Win32
		{23B3FB07-26C3-422C-B3B1-87D9FBD6CC3A}.Debug|x64.ActiveCfg = Debug|x64
		{23B3FB07-26C3-422C-B3B1-87D9FBD6CC3A}.Debug|x64.Build.0 = Debug|x64
		{23B3FB07-26C3-422C-B3B1-87D9FBD6CC3A}.Debug|x86.ActiveCfg = Debug|Win32
		{23B3FB07-26C3-422C-B3B1-87D9FBD6CC3A}.Debug|x86.Build.0 = Debug|Win32
		{23B3FB07-26C3-422C-B3B1-87D9FBD6CC3A}.Release|x64.ActiveCfg = Release|x64
		{23B3FB07-26C3-422C-B3B1-87D9FBD6CC3A}.Release|x64.Build.0 = Release|x64
		{23B3FB07-26C3-422C-B3B1-87D9FBD6CC3A}.Release|x86.ActiveCfg = Release|Win32
		{23B3FB07-26C3-422C-B3B1-87D9FBD6CC3A}.Release|x86.Build.0 = Release|Win32
		{6F1A3DD5-2CB5-415C-85F3-ACEE17333209}.Debug|x64.ActiveCfg = Debug|x64
		{6F1A3DD5-2CB5-415C-85F3-ACEE17333209}.Debug|x64.Build.0 = Debug|x64
		{6F1A3DD5-2CB5-415C-85F3-ACEE17333209}.Debug|x86.ActiveCfg = Debug|Win32
		{6F1A3DD5-2CB5-415C-85F3-ACEE17333209}.Debug|x86.Build.0 = Debug|Win32
		{6F1A3DD5-2CB5-415C-85F3-ACEE17333209}.Release|x64.ActiveCfg = Release|x64
		{6F1A3DD5-2CB5-415C-85F3-ACEE17333209}.Release|x64.Build.0 = Release|x64
		{6F1A3DD5-2CB5-415C-85F3-ACEE17333209}.Release|x86.ActiveCfg = Release|Win32
		{6F1A3DD5-2CB5-415C-85F3-ACEE17333209}.Release|x86.Build.0 = Release|Win32
		{7D175A5D-17B1-4241-B2BA-313903833935}.Debug|x64.ActiveCfg = Debug|x64
		{7D175A5D-17B1-4241-B2BA-313903833935}.Debug|x64.Build.0 = Debug|x64
		{7D175A5D-17B1-4241-B2BA-313903833935}.Debug|x86.ActiveCfg = Debug|Win32
		{7D175A5D-17B1-4241-B2BA-313903833935}.Debug|x86.Build.0 = Debug|Win32
		{7D175A5D-17B1-4241-B2BA-313903833935}.Release|x64.ActiveCfg = Release|x64
		{7D175A5D-17B1-4241-B2BA-313903833935}.Release|x64.Build.0 = Release|x64
		{7D175A5D-17B1-4241-B2BA-313903833935}.Release|x86.ActiveCfg = Release|Win32
		{7D175A5D-17B1-4241-B2BA-313903833935}.Release|x86.Build.0 = Release|Win32
		{EFCA60DE-5052-4859-B011-FE2F92D65B37}.Debug|x64.ActiveCfg = Debug|x64
		{EFCA60DE-5052-4859-B011-FE2F92D65B37}.Debug|x64.Build.0 = Debug|x64
		{EFCA60DE-5052-4859-B011-FE2F92D65B37}.Debug|x86.ActiveCfg = Debug|Win32
		{EFCA60DE-5052-4859-B011-FE2F92D65B37}.Debug|x86.Build.0 = Debug|Win32
		{EFCA60DE-5052-4859-B011-FE2F92D65B37}.Release|x64.ActiveCfg = Release|x64
		{EFCA60DE-5052-4859-B011-FE2F92D65B37}.Release|x64.Build.0 = Release|x64
		{EFCA60DE-5052-4859-B011-FE2F92D65B37}.Release|x86.ActiveCfg = Release|Win32
		{EFCA60DE-5052-4859-B011-FE2F92D65B37}.Release|x86.Build.0 = Release|Win32
		{7205EC1C-FB22-485F-A419-F1D843B50F6A}.Debug|x64.ActiveCfg = Debug|x64
		{7205EC1C-FB22-485F-A419-F1D843B50F6A}.Debug|x64.Build.0 = Debug|x64
		{7205EC1C-FB22-485F-A419-F1D843B50F6A}.Debug|x86.ActiveCfg = Debug|Win32
		{7205EC1C-FB22-485F-A419-F1D843B50F6A}.Debug|x86.Build.0 = Debug|Win32
		{7205EC1C-FB22-485F-A419-F1D843B50F6A}.Release|x64.ActiveCfg = Release|x64
		{7205EC1C-FB22-485F-A419-F1D843B50F6A}.Release|x64.Build.0 = Release|x64
		{7205EC1C-FB22-485F-A419-F1D843B50F6A}.Release|x86.ActiveCfg = Release|Win32
		{7205EC1C-FB22-485F-A419-F1D843B50F6A}.Release|x86.Build.0 = Release|Win32
		{6B9372B9-7412-48FF-9C93-CD4B4B8F4274}.Debug|x64.ActiveCfg = Debug|x64
		{6B9372B9-7412-48FF-9C93-CD4B4B8F4274}.Debug|x64.Build.0 = Debug|x64
		{6B9372B9-7412-48FF-9C93-CD4B4B8F4274}.Debug|x86.ActiveCfg = Debug|Win32
		{6B9372B9-7412-48FF-9C93-CD4B4B8F4274}.Debug|x86.Build.0 = Debug|Win32
		{6B9372B9-7412-48FF-9C93-CD4B4B8F4274}.Release|x64.ActiveCfg = Release|x64
		{6B9372B9-7412-48FF-9C93-CD4B4B8F4274}.Release|x64.Build.0 = Release|x64
		{6B9372B9-7412-48FF-9C93-CD4B4B8F4274}.Release|x86.ActiveCfg = Release|Win32
		{6B9372B9-7412-48FF-9C93-CD4B4B8F4274}.Release|x86.Build.0 = Release|Win32
	EndGlobalSection
	GlobalSection(SolutionProperties) = preSolution
		HideSolutionNode = FALSE
	EndGlobalSection
	GlobalSection(NestedProjects) = preSolution
		{79CB9CBC-1E3E-4FCA-A3EC-28ACCABE1A1C} = {510D8DA9-637C-4E81-9ECB-A5B2540A3D51}
		{23B3FB07-26C3-422C-B3B1-87D9FBD6CC3A} = {510D8DA9-637C-4E81-9ECB-A5B2540A3D51}
		{6F1A3DD5-2CB5-415C-85F3-ACEE17333209} = {510D8DA9-637C-4E81-9ECB-A5B2540A3D51}
		{7D175A5D-17B1-4241-B2BA-313903833935} = {510D8DA9-637C-4E81-9ECB-A5B2540A3D51}
		{EFCA60DE-5052-4859-B011-FE2F92D65B37} = {510D8DA9-637C-4E81-9ECB-A5B2540A3D51}
		{7205EC1C-FB22-485F-A419-F1D843B50F6A} = {7723DEF7-8C9C-440C-BAB2-10F429623409}
		{6B9372B9-7412-48FF-9C93-CD4B4B8F4274} = {510D8DA9-637C-4E81-9ECB-A5B2540A3D51}
	EndGlobalSection
	GlobalSection(ExtensibilityGlobals) = postSolution
		SolutionGuid = {EB600A43-5144-411A-AB64-1B3ABD56F235}
	EndGlobalSection
EndGlobal
